
Microsoft Visual Studio Solution File, Format Version 12.00
# Visual Studio Version 17
VisualStudioVersion = 17.14.36408.4
MinimumVisualStudioVersion = 10.0.40219.1
Project("{FAE04EC0-301F-11D3-BF4B-00C04F79EFBC}") = "SegmentationService", "SegmentationService.csproj", "{700F68CE-37BB-4AC3-8121-9B856279EEE3}"
EndProject
Global
	GlobalSection(SolutionConfigurationPlatforms) = preSolution
		Debug|Any CPU = Debug|Any CPU
		Release|Any CPU = Release|Any CPU
	EndGlobalSection
	GlobalSection(ProjectConfigurationPlatforms) = postSolution
		{700F68CE-37BB-4AC3-8121-9B856279EEE3}.Debug|Any CPU.ActiveCfg = Debug|Any CPU
		{700F68CE-37BB-4AC3-8121-9B856279EEE3}.Debug|Any CPU.Build.0 = Debug|Any CPU
		{700F68CE-37BB-4AC3-8121-9B856279EEE3}.Release|Any CPU.ActiveCfg = Release|Any CPU
		{700F68CE-37BB-4AC3-8121-9B856279EEE3}.Release|Any CPU.Build.0 = Release|Any CPU
	EndGlobalSection
	GlobalSection(SolutionProperties) = preSolution
		HideSolutionNode = FALSE
	EndGlobalSection
	GlobalSection(ExtensibilityGlobals) = postSolution
		SolutionGuid = {3FF5F2DC-3A70-4112-BD2A-651D4C2E9EBB}
	EndGlobalSection
EndGlobal
